# This file is automatically @generated by Cargo.
# It is not intended for manual editing.
version = 4

[[package]]
name = "libc"
version = "0.2.186"
source = "registry+https://github.com/rust-lang/crates.io-index"
checksum = "68ab91017fe16c622486840e4c83c9a37afeff978bd239b5293d61ece587de66"

[[package]]
name = "once_cell"
version = "1.21.4"
source = "registry+https://github.com/rust-lang/crates.io-index"
checksum = "9f7c3e4beb33f85d45ae3e3a1792185706c8e16d043238c593331cc7cd313b50"

[[package]]
name = "quake3-native-vm"
version = "0.1.0"
source = "git+https://github.com/robo9k/quake3-native-vm.git#aa8a4800c8531beb6a9a63a67c2b8fdc6b99148c"
dependencies = [
 "libc",
 "once_cell",
]

[[package]]
name = "quake3-wasm"
version = "0.1.0"
dependencies = [
 "libc",
 "once_cell",
 "quake3-native-vm",
]
